{
    "_readme": [
        "This file locks the dependencies of your project to a known state",
        "Read more about it at http://getcomposer.org/doc/01-basic-usage.md#composer-lock-the-lock-file",
        "This file is @generated automatically"
    ],
    "hash": "db1465b6fbf6c17ac1d14170e1ecf9e8",
    "packages": [
        {
            "name": "acquia/acquia-sdk-php",
            "version": "0.5.1",
            "source": {
                "type": "git",
                "url": "https://github.com/acquia/acquia-sdk-php.git",
                "reference": "406c6641b957bafe7a0cf266c206a7cbd2aeae08"
            },
            "dist": {
                "type": "zip",
                "url": "https://api.github.com/repos/acquia/acquia-sdk-php/zipball/406c6641b957bafe7a0cf266c206a7cbd2aeae08",
                "reference": "406c6641b957bafe7a0cf266c206a7cbd2aeae08",
                "shasum": ""
            },
            "require": {
                "cpliakas/psolr": "0.3.*",
                "guzzle/guzzle": "~3.0",
                "lstrojny/fxmlrpc": "0.8.*",
                "php": ">=5.3.0"
            },
            "replace": {
                "acquia/acquia-sdk-php-cloud-api": "self.version",
                "acquia/acquia-sdk-php-cloud-env": "self.version",
                "acquia/acquia-sdk-php-common": "self.version",
                "acquia/acquia-sdk-php-network": "self.version",
                "acquia/acquia-sdk-php-search": "self.version"
            },
            "require-dev": {
                "pdepend/pdepend": "~1.0",
                "phploc/phploc": "~2.0",
                "phpmd/phpmd": "~1.0",
                "phpunit/phpunit": "~3.0",
                "satooshi/php-coveralls": "*",
                "sebastian/phpcpd": "~2.0"
            },
            "type": "library",
            "autoload": {
                "psr-0": {
                    "Acquia": "src/"
                }
            },
            "notification-url": "https://packagist.org/downloads/",
            "license": [
                "MIT"
            ],
            "authors": [
                {
                    "name": "See contributors",
                    "homepage": "https://github.com/acquia/acquia-sdk-php/graphs/contributors"
                }
            ],
            "description": "The Acquia SDK for PHP allows developers to build applications on top of Acquia services.",
            "homepage": "https://github.com/acquia/acquia-sdk-php",
            "keywords": [
                "acquia"
            ],
            "time": "2014-01-26 21:24:20"
        },
        {
            "name": "cpliakas/psolr",
            "version": "0.3.2",
            "source": {
                "type": "git",
                "url": "https://github.com/cpliakas/psolr.git",
                "reference": "9410d60df1738a270140575ec6065d7d62339bc3"
            },
            "dist": {
                "type": "zip",
                "url": "https://api.github.com/repos/cpliakas/psolr/zipball/9410d60df1738a270140575ec6065d7d62339bc3",
                "reference": "9410d60df1738a270140575ec6065d7d62339bc3",
                "shasum": ""
            },
            "require": {
                "guzzle/service": "~3.0",
                "php": ">=5.3.0"
            },
            "require-dev": {
                "pdepend/pdepend": "~1.0",
                "phploc/phploc": "~2.0",
                "phpunit/phpunit": "~3.0",
                "satooshi/php-coveralls": "dev-master"
            },
            "type": "library",
            "autoload": {
                "psr-0": {
                    "PSolr": "src/"
                }
            },
            "notification-url": "https://packagist.org/downloads/",
            "license": [
                "MIT"
            ],
            "authors": [
                {
                    "name": "Chris Pliakas",
                    "email": "opensource@chrispliakas.com",
                    "role": "Project lead"
                },
                {
                    "name": "See contributors",
                    "homepage": "https://github.com/cpliakas/psolr/graphs/contributors"
                }
            ],
            "description": "A PHP client for Apache Solr.",
            "homepage": "https://github.com/cpliakas/psolr",
            "keywords": [
                "solr"
            ],
            "time": "2013-10-08 14:22:32"
        },
        {
            "name": "guzzle/guzzle",
            "version": "v3.9.2",
            "source": {
                "type": "git",
                "url": "https://github.com/guzzle/guzzle3.git",
                "reference": "54991459675c1a2924122afbb0e5609ade581155"
            },
            "dist": {
                "type": "zip",
                "url": "https://api.github.com/repos/guzzle/guzzle3/zipball/54991459675c1a2924122afbb0e5609ade581155",
                "reference": "54991459675c1a2924122afbb0e5609ade581155",
                "shasum": ""
            },
            "require": {
                "ext-curl": "*",
                "php": ">=5.3.3",
                "symfony/event-dispatcher": "~2.1"
            },
            "replace": {
                "guzzle/batch": "self.version",
                "guzzle/cache": "self.version",
                "guzzle/common": "self.version",
                "guzzle/http": "self.version",
                "guzzle/inflection": "self.version",
                "guzzle/iterator": "self.version",
                "guzzle/log": "self.version",
                "guzzle/parser": "self.version",
                "guzzle/plugin": "self.version",
                "guzzle/plugin-async": "self.version",
                "guzzle/plugin-backoff": "self.version",
                "guzzle/plugin-cache": "self.version",
                "guzzle/plugin-cookie": "self.version",
                "guzzle/plugin-curlauth": "self.version",
                "guzzle/plugin-error-response": "self.version",
                "guzzle/plugin-history": "self.version",
                "guzzle/plugin-log": "self.version",
                "guzzle/plugin-md5": "self.version",
                "guzzle/plugin-mock": "self.version",
                "guzzle/plugin-oauth": "self.version",
                "guzzle/service": "self.version",
                "guzzle/stream": "self.version"
            },
            "require-dev": {
                "doctrine/cache": "~1.3",
                "monolog/monolog": "~1.0",
                "phpunit/phpunit": "3.7.*",
                "psr/log": "~1.0",
                "symfony/class-loader": "~2.1",
                "zendframework/zend-cache": "2.*,<2.3",
                "zendframework/zend-log": "2.*,<2.3"
            },
            "type": "library",
            "extra": {
                "branch-alias": {
                    "dev-master": "3.9-dev"
                }
            },
            "autoload": {
                "psr-0": {
                    "Guzzle": "src/",
                    "Guzzle\\Tests": "tests/"
                }
            },
            "notification-url": "https://packagist.org/downloads/",
            "license": [
                "MIT"
            ],
            "authors": [
                {
                    "name": "Michael Dowling",
                    "email": "mtdowling@gmail.com",
                    "homepage": "https://github.com/mtdowling"
                },
                {
                    "name": "Guzzle Community",
                    "homepage": "https://github.com/guzzle/guzzle/contributors"
                }
            ],
            "description": "Guzzle is a PHP HTTP client library and framework for building RESTful web service clients",
            "homepage": "http://guzzlephp.org/",
            "keywords": [
                "client",
                "curl",
                "framework",
                "http",
                "http client",
                "rest",
                "web service"
            ],
            "time": "2014-08-11 04:32:36"
        },
        {
            "name": "lstrojny/fxmlrpc",
            "version": "0.8.4",
            "source": {
                "type": "git",
                "url": "https://github.com/lstrojny/fxmlrpc.git",
                "reference": "7b9756f5f98102be170bc798781da2eef78ab977"
            },
            "dist": {
                "type": "zip",
                "url": "https://api.github.com/repos/lstrojny/fxmlrpc/zipball/7b9756f5f98102be170bc798781da2eef78ab977",
                "reference": "7b9756f5f98102be170bc798781da2eef78ab977",
                "shasum": ""
            },
            "require-dev": {
                "ext-curl": "*",
                "guzzle/guzzle": "*",
                "kriswallsmith/buzz": "*",
                "monolog/monolog": "*",
                "php": ">=5.3.0",
                "phpunit/phpunit": "3.*",
                "psr/log": "*",
                "zendframework/zend-http": "2.0.*",
                "zendframework/zend-log": "2.0.*",
                "zendframework/zendframework1": "1.*"
            },
            "suggest": {
                "ext-http": "Use ext/http as HTTP client",
                "guzzle/guzzle": "To integrate Guzzle as HTTP client",
                "kriswallsmith/buzz": "To integrate Buzz as HTTP client",
                "monolog/monolog": "To integrate monolog as logger",
                "zendframework/zend-http": "To use ZF2 Zend\\Http\\Client as HTTP client",
                "zendframework/zend-log": "To use ZF2 Zend\\Log\\Logger as a logger",
                "zendframework/zendframework1": "To use ZF1 Zend_Http_Client as HTTP client"
            },
            "type": "library",
            "autoload": {
                "psr-0": {
                    "fXmlRpc": "src/"
                }
            },
            "notification-url": "https://packagist.org/downloads/",
            "license": [
                "MIT"
            ],
            "authors": [
                {
                    "name": "Lars Strojny",
                    "email": "lstrojny@php.net",
                    "homepage": "http://usrportage.de"
                }
            ],
            "description": "Fast and tiny XML/RPC client with bridges for various HTTP clients",
            "keywords": [
                "api",
                "performance",
                "rpc",
                "xml",
                "xmlrpc"
            ],
            "time": "2013-10-04 23:29:35"
        },
        {
            "name": "psr/log",
            "version": "1.0.0",
            "source": {
                "type": "git",
                "url": "https://github.com/php-fig/log.git",
                "reference": "fe0936ee26643249e916849d48e3a51d5f5e278b"
            },
            "dist": {
                "type": "zip",
                "url": "https://api.github.com/repos/php-fig/log/zipball/fe0936ee26643249e916849d48e3a51d5f5e278b",
                "reference": "fe0936ee26643249e916849d48e3a51d5f5e278b",
                "shasum": ""
            },
            "type": "library",
            "autoload": {
                "psr-0": {
                    "Psr\\Log\\": ""
                }
            },
            "notification-url": "https://packagist.org/downloads/",
            "license": [
                "MIT"
            ],
            "authors": [
                {
                    "name": "PHP-FIG",
                    "homepage": "http://www.php-fig.org/"
                }
            ],
            "description": "Common interface for logging libraries",
            "keywords": [
                "log",
                "psr",
                "psr-3"
            ],
            "time": "2012-12-21 11:40:51"
        },
        {
            "name": "symfony/console",
            "version": "v2.5.3",
            "target-dir": "Symfony/Component/Console",
            "source": {
                "type": "git",
                "url": "https://github.com/symfony/Console.git",
                "reference": "cd2d1e4bac2206b337326b0140ff475fe9ad5f63"
            },
            "dist": {
                "type": "zip",
                "url": "https://api.github.com/repos/symfony/Console/zipball/cd2d1e4bac2206b337326b0140ff475fe9ad5f63",
                "reference": "cd2d1e4bac2206b337326b0140ff475fe9ad5f63",
                "shasum": ""
            },
            "require": {
                "php": ">=5.3.3"
            },
            "require-dev": {
                "psr/log": "~1.0",
                "symfony/event-dispatcher": "~2.1"
            },
            "suggest": {
                "psr/log": "For using the console logger",
                "symfony/event-dispatcher": ""
            },
            "type": "library",
            "extra": {
                "branch-alias": {
                    "dev-master": "2.5-dev"
                }
            },
            "autoload": {
                "psr-0": {
                    "Symfony\\Component\\Console\\": ""
                }
            },
            "notification-url": "https://packagist.org/downloads/",
            "license": [
                "MIT"
            ],
            "authors": [
                {
                    "name": "Symfony Community",
                    "homepage": "http://symfony.com/contributors"
                },
                {
                    "name": "Fabien Potencier",
                    "email": "fabien@symfony.com"
                }
            ],
            "description": "Symfony Console Component",
            "homepage": "http://symfony.com",
            "time": "2014-08-05 09:00:40"
        },
        {
            "name": "symfony/event-dispatcher",
            "version": "v2.5.3",
            "target-dir": "Symfony/Component/EventDispatcher",
            "source": {
                "type": "git",
                "url": "https://github.com/symfony/EventDispatcher.git",
                "reference": "8faf5cc7e80fde74a650a36e60d32ce3c3e0457b"
            },
            "dist": {
                "type": "zip",
                "url": "https://api.github.com/repos/symfony/EventDispatcher/zipball/8faf5cc7e80fde74a650a36e60d32ce3c3e0457b",
                "reference": "8faf5cc7e80fde74a650a36e60d32ce3c3e0457b",
                "shasum": ""
            },
            "require": {
                "php": ">=5.3.3"
            },
            "require-dev": {
                "psr/log": "~1.0",
                "symfony/config": "~2.0",
                "symfony/dependency-injection": "~2.0",
                "symfony/stopwatch": "~2.2"
            },
            "suggest": {
                "symfony/dependency-injection": "",
                "symfony/http-kernel": ""
            },
            "type": "library",
            "extra": {
                "branch-alias": {
                    "dev-master": "2.5-dev"
                }
            },
            "autoload": {
                "psr-0": {
                    "Symfony\\Component\\EventDispatcher\\": ""
                }
            },
            "notification-url": "https://packagist.org/downloads/",
            "license": [
                "MIT"
            ],
            "authors": [
                {
                    "name": "Symfony Community",
                    "homepage": "http://symfony.com/contributors"
                },
                {
                    "name": "Fabien Potencier",
                    "email": "fabien@symfony.com"
                }
            ],
            "description": "Symfony EventDispatcher Component",
            "homepage": "http://symfony.com",
            "time": "2014-07-28 13:20:46"
        }
    ],
    "packages-dev": [

    ],
    "aliases": [

    ],
    "minimum-stability": "dev",
    "stability-flags": [

    ],
    "prefer-stable": true,
    "platform": {
        "php": ">=5.3.0"
    },
    "platform-dev": [

    ]
}
